
Microsoft Visual Studio Solution File, Format Version 11.00
# Visual Studio 2010
Project("{FAE04EC0-301F-11D3-BF4B-00C04F79EFBC}") = "TSCloud_SDK_NET40", "TSCloud_SDK\TSCloud_SDK_NET40.csproj", "{02F70538-7FFF-408F-ADA9-98EE4A0791B9}"
EndProject
Project("{FAE04EC0-301F-11D3-BF4B-00C04F79EFBC}") = "TSCloud_SDK_SampleApp", "TSCloud_SDK_SampleApp\TSCloud_SDK_SampleApp.csproj", "{5BCE76AB-23AD-4721-AAC8-2B5EDD79FC7F}"
EndProject
Project("{8BC9CEB8-8B4A-11D0-8D11-00A0C91BC942}") = "TSCloud_WINCPP_SDK", "TSCloud_WINCPP_SDK\TP2_WINCPP_SDK.vcxproj", "{36CA656E-BA1C-4A5B-AAC8-EDEF4FF56453}"
EndProject
Project("{8BC9CEB8-8B4A-11D0-8D11-00A0C91BC942}") = "TSCloud_WINCPP_TEST", "TSCloud_WINCPP_TEST\TP2_WINCPP_TEST.vcxproj", "{2DFAAC91-AAED-4566-A746-76F633F1AEF6}"
EndProject
Project("{FAE04EC0-301F-11D3-BF4B-00C04F79EFBC}") = "TSCloud_SDK_NET35", "TSCloud_SDK\TSCloud_SDK_NET35.csproj", "{F8942286-BFA0-44D9-AD97-829660D5E934}"
EndProject
Global
	GlobalSection(SolutionConfigurationPlatforms) = preSolution
		Debug|Any CPU = Debug|Any CPU
		Debug|Mixed Platforms = Debug|Mixed Platforms
		Debug|Win32 = Debug|Win32
		Debug|x64 = Debug|x64
		Debug|x86 = Debug|x86
		Release|Any CPU = Release|Any CPU
		Release|Mixed Platforms = Release|Mixed Platforms
		Release|Win32 = Release|Win32
		Release|x64 = Release|x64
		Release|x86 = Release|x86
	EndGlobalSection
	GlobalSection(ProjectConfigurationPlatforms) = postSolution
		{02F70538-7FFF-408F-ADA9-98EE4A0791B9}.Debug|Any CPU.ActiveCfg = Debug|Any CPU
		{02F70538-7FFF-408F-ADA9-98EE4A0791B9}.Debug|Any CPU.Build.0 = Debug|Any CPU
		{02F70538-7FFF-408F-ADA9-98EE4A0791B9}.Debug|Mixed Platforms.ActiveCfg = Debug|Any CPU
		{02F70538-7FFF-408F-ADA9-98EE4A0791B9}.Debug|Mixed Platforms.Build.0 = Debug|Any CPU
		{02F70538-7FFF-408F-ADA9-98EE4A0791B9}.Debug|Win32.ActiveCfg = Debug|Any CPU
		{02F70538-7FFF-408F-ADA9-98EE4A0791B9}.Debug|x64.ActiveCfg = Debug|Any CPU
		{02F70538-7FFF-408F-ADA9-98EE4A0791B9}.Debug|x86.ActiveCfg = Debug|Any CPU
		{02F70538-7FFF-408F-ADA9-98EE4A0791B9}.Release|Any CPU.ActiveCfg = Release|Any CPU
		{02F70538-7FFF-408F-ADA9-98EE4A0791B9}.Release|Any CPU.Build.0 = Release|Any CPU
		{02F70538-7FFF-408F-ADA9-98EE4A0791B9}.Release|Mixed Platforms.ActiveCfg = Release|Any CPU
		{02F70538-7FFF-408F-ADA9-98EE4A0791B9}.Release|Mixed Platforms.Build.0 = Release|Any CPU
		{02F70538-7FFF-408F-ADA9-98EE4A0791B9}.Release|Win32.ActiveCfg = Release|Any CPU
		{02F70538-7FFF-408F-ADA9-98EE4A0791B9}.Release|x64.ActiveCfg = Release|Any CPU
		{02F70538-7FFF-408F-ADA9-98EE4A0791B9}.Release|x86.ActiveCfg = Release|Any CPU
		{5BCE76AB-23AD-4721-AAC8-2B5EDD79FC7F}.Debug|Any CPU.ActiveCfg = Debug|x64
		{5BCE76AB-23AD-4721-AAC8-2B5EDD79FC7F}.Debug|Mixed Platforms.ActiveCfg = Debug|x64
		{5BCE76AB-23AD-4721-AAC8-2B5EDD79FC7F}.Debug|Mixed Platforms.Build.0 = Debug|x64
		{5BCE76AB-23AD-4721-AAC8-2B5EDD79FC7F}.Debug|Win32.ActiveCfg = Debug|x64
		{5BCE76AB-23AD-4721-AAC8-2B5EDD79FC7F}.Debug|x64.ActiveCfg = Debug|x64
		{5BCE76AB-23AD-4721-AAC8-2B5EDD79FC7F}.Debug|x64.Build.0 = Debug|x64
		{5BCE76AB-23AD-4721-AAC8-2B5EDD79FC7F}.Debug|x86.ActiveCfg = Debug|x86
		{5BCE76AB-23AD-4721-AAC8-2B5EDD79FC7F}.Debug|x86.Build.0 = Debug|x86
		{5BCE76AB-23AD-4721-AAC8-2B5EDD79FC7F}.Release|Any CPU.ActiveCfg = Release|x64
		{5BCE76AB-23AD-4721-AAC8-2B5EDD79FC7F}.Release|Mixed Platforms.ActiveCfg = Release|x64
		{5BCE76AB-23AD-4721-AAC8-2B5EDD79FC7F}.Release|Mixed Platforms.Build.0 = Release|x64
		{5BCE76AB-23AD-4721-AAC8-2B5EDD79FC7F}.Release|Win32.ActiveCfg = Release|x64
		{5BCE76AB-23AD-4721-AAC8-2B5EDD79FC7F}.Release|x64.ActiveCfg = Release|x64
		{5BCE76AB-23AD-4721-AAC8-2B5EDD79FC7F}.Release|x64.Build.0 = Release|x64
		{5BCE76AB-23AD-4721-AAC8-2B5EDD79FC7F}.Release|x86.ActiveCfg = Release|x86
		{5BCE76AB-23AD-4721-AAC8-2B5EDD79FC7F}.Release|x86.Build.0 = Release|x86
		{36CA656E-BA1C-4A5B-AAC8-EDEF4FF56453}.Debug|Any CPU.ActiveCfg = Debug|x64
		{36CA656E-BA1C-4A5B-AAC8-EDEF4FF56453}.Debug|Mixed Platforms.ActiveCfg = Debug|x64
		{36CA656E-BA1C-4A5B-AAC8-EDEF4FF56453}.Debug|Mixed Platforms.Build.0 = Debug|x64
		{36CA656E-BA1C-4A5B-AAC8-EDEF4FF56453}.Debug|Win32.ActiveCfg = Debug|Win32
		{36CA656E-BA1C-4A5B-AAC8-EDEF4FF56453}.Debug|Win32.Build.0 = Debug|Win32
		{36CA656E-BA1C-4A5B-AAC8-EDEF4FF56453}.Debug|x64.ActiveCfg = Debug|x64
		{36CA656E-BA1C-4A5B-AAC8-EDEF4FF56453}.Debug|x64.Build.0 = Debug|x64
		{36CA656E-BA1C-4A5B-AAC8-EDEF4FF56453}.Debug|x86.ActiveCfg = Debug|x64
		{36CA656E-BA1C-4A5B-AAC8-EDEF4FF56453}.Release|Any CPU.ActiveCfg = Release|x64
		{36CA656E-BA1C-4A5B-AAC8-EDEF4FF56453}.Release|Mixed Platforms.ActiveCfg = Release|x64
		{36CA656E-BA1C-4A5B-AAC8-EDEF4FF56453}.Release|Mixed Platforms.Build.0 = Release|x64
		{36CA656E-BA1C-4A5B-AAC8-EDEF4FF56453}.Release|Win32.ActiveCfg = Release|Win32
		{36CA656E-BA1C-4A5B-AAC8-EDEF4FF56453}.Release|Win32.Build.0 = Release|Win32
		{36CA656E-BA1C-4A5B-AAC8-EDEF4FF56453}.Release|x64.ActiveCfg = Release|x64
		{36CA656E-BA1C-4A5B-AAC8-EDEF4FF56453}.Release|x64.Build.0 = Release|x64
		{36CA656E-BA1C-4A5B-AAC8-EDEF4FF56453}.Release|x86.ActiveCfg = Release|x64
		{2DFAAC91-AAED-4566-A746-76F633F1AEF6}.Debug|Any CPU.ActiveCfg = Debug|x64
		{2DFAAC91-AAED-4566-A746-76F633F1AEF6}.Debug|Mixed Platforms.ActiveCfg = Debug|x64
		{2DFAAC91-AAED-4566-A746-76F633F1AEF6}.Debug|Mixed Platforms.Build.0 = Debug|x64
		{2DFAAC91-AAED-4566-A746-76F633F1AEF6}.Debug|Win32.ActiveCfg = Debug|Win32
		{2DFAAC91-AAED-4566-A746-76F633F1AEF6}.Debug|Win32.Build.0 = Debug|Win32
		{2DFAAC91-AAED-4566-A746-76F633F1AEF6}.Debug|x64.ActiveCfg = Debug|x64
		{2DFAAC91-AAED-4566-A746-76F633F1AEF6}.Debug|x64.Build.0 = Debug|x64
		{2DFAAC91-AAED-4566-A746-76F633F1AEF6}.Debug|x86.ActiveCfg = Debug|x64
		{2DFAAC91-AAED-4566-A746-76F633F1AEF6}.Release|Any CPU.ActiveCfg = Release|x64
		{2DFAAC91-AAED-4566-A746-76F633F1AEF6}.Release|Mixed Platforms.ActiveCfg = Release|x64
		{2DFAAC91-AAED-4566-A746-76F633F1AEF6}.Release|Mixed Platforms.Build.0 = Release|x64
		{2DFAAC91-AAED-4566-A746-76F633F1AEF6}.Release|Win32.ActiveCfg = Release|Win32
		{2DFAAC91-AAED-4566-A746-76F633F1AEF6}.Release|Win32.Build.0 = Release|Win32
		{2DFAAC91-AAED-4566-A746-76F633F1AEF6}.Release|x64.ActiveCfg = Release|x64
		{2DFAAC91-AAED-4566-A746-76F633F1AEF6}.Release|x64.Build.0 = Release|x64
		{2DFAAC91-AAED-4566-A746-76F633F1AEF6}.Release|x86.ActiveCfg = Release|x64
		{F8942286-BFA0-44D9-AD97-829660D5E934}.Debug|Any CPU.ActiveCfg = Debug|Any CPU
		{F8942286-BFA0-44D9-AD97-829660D5E934}.Debug|Any CPU.Build.0 = Debug|Any CPU
		{F8942286-BFA0-44D9-AD97-829660D5E934}.Debug|Mixed Platforms.ActiveCfg = Debug|Any CPU
		{F8942286-BFA0-44D9-AD97-829660D5E934}.Debug|Mixed Platforms.Build.0 = Debug|Any CPU
		{F8942286-BFA0-44D9-AD97-829660D5E934}.Debug|Win32.ActiveCfg = Debug|Any CPU
		{F8942286-BFA0-44D9-AD97-829660D5E934}.Debug|x64.ActiveCfg = Debug|Any CPU
		{F8942286-BFA0-44D9-AD97-829660D5E934}.Debug|x86.ActiveCfg = Debug|Any CPU
		{F8942286-BFA0-44D9-AD97-829660D5E934}.Release|Any CPU.ActiveCfg = Release|Any CPU
		{F8942286-BFA0-44D9-AD97-829660D5E934}.Release|Any CPU.Build.0 = Release|Any CPU
		{F8942286-BFA0-44D9-AD97-829660D5E934}.Release|Mixed Platforms.ActiveCfg = Release|Any CPU
		{F8942286-BFA0-44D9-AD97-829660D5E934}.Release|Mixed Platforms.Build.0 = Release|Any CPU
		{F8942286-BFA0-44D9-AD97-829660D5E934}.Release|Win32.ActiveCfg = Release|Any CPU
		{F8942286-BFA0-44D9-AD97-829660D5E934}.Release|x64.ActiveCfg = Release|Any CPU
		{F8942286-BFA0-44D9-AD97-829660D5E934}.Release|x86.ActiveCfg = Release|Any CPU
	EndGlobalSection
	GlobalSection(SolutionProperties) = preSolution
		HideSolutionNode = FALSE
	EndGlobalSection
EndGlobal
